
Microsoft Visual Studio Solution File, Format Version 11.00
# Visual C# Express 2010
Project("{FAE04EC0-301F-11D3-BF4B-00C04F79EFBC}") = "NOTPOPPROTOTYPE", "NOTPOPPROTOTYPE\NOTPOPPROTOTYPE\NOTPOPPROTOTYPE.csproj", "{581F8DE6-97A1-4B2D-BEA7-CA3B6A7BCAA2}"
EndProject
Project("{96E2B04D-8817-42C6-938A-82C39BA4D311}") = "NOTPOPPROTOTYPEContent", "NOTPOPPROTOTYPE\NOTPOPPROTOTYPEContent\NOTPOPPROTOTYPEContent.contentproj", "{4A813363-687C-4F2A-9337-E61684AF3C91}"
EndProject
Global
	GlobalSection(SolutionConfigurationPlatforms) = preSolution
		Debug|x86 = Debug|x86
		Release|x86 = Release|x86
	EndGlobalSection
	GlobalSection(ProjectConfigurationPlatforms) = postSolution
		{581F8DE6-97A1-4B2D-BEA7-CA3B6A7BCAA2}.Debug|x86.ActiveCfg = Debug|x86
		{581F8DE6-97A1-4B2D-BEA7-CA3B6A7BCAA2}.Debug|x86.Build.0 = Debug|x86
		{581F8DE6-97A1-4B2D-BEA7-CA3B6A7BCAA2}.Release|x86.ActiveCfg = Release|x86
		{581F8DE6-97A1-4B2D-BEA7-CA3B6A7BCAA2}.Release|x86.Build.0 = Release|x86
		{4A813363-687C-4F2A-9337-E61684AF3C91}.Debug|x86.ActiveCfg = Debug|x86
		{4A813363-687C-4F2A-9337-E61684AF3C91}.Release|x86.ActiveCfg = Release|x86
	EndGlobalSection
	GlobalSection(SolutionProperties) = preSolution
		HideSolutionNode = FALSE
	EndGlobalSection
EndGlobal
